
Microsoft Visual Studio Solution File, Format Version 12.00
# Visual Studio Version 17
VisualStudioVersion = 17.14.36623.8 d17.14
MinimumVisualStudioVersion = 10.0.40219.1
Project("{FAE04EC0-301F-11D3-BF4B-00C04F79EFBC}") = "Csharp _Collection Training", "Csharp _Collection Training\Csharp _Collection Training.csproj", "{150EB88C-8857-4BB8-9459-58B96BCD4610}"
EndProject
Global
	GlobalSection(SolutionConfigurationPlatforms) = preSolution
		Debug|Any CPU = Debug|Any CPU
		Release|Any CPU = Release|Any CPU
	EndGlobalSection
	GlobalSection(ProjectConfigurationPlatforms) = postSolution
		{150EB88C-8857-4BB8-9459-58B96BCD4610}.Debug|Any CPU.ActiveCfg = Debug|Any CPU
		{150EB88C-8857-4BB8-9459-58B96BCD4610}.Debug|Any CPU.Build.0 = Debug|Any CPU
		{150EB88C-8857-4BB8-9459-58B96BCD4610}.Release|Any CPU.ActiveCfg = Release|Any CPU
		{150EB88C-8857-4BB8-9459-58B96BCD4610}.Release|Any CPU.Build.0 = Release|Any CPU
	EndGlobalSection
	GlobalSection(SolutionProperties) = preSolution
		HideSolutionNode = FALSE
	EndGlobalSection
	GlobalSection(ExtensibilityGlobals) = postSolution
		SolutionGuid = {8D2D28F6-1566-4166-8761-217FDE402D07}
	EndGlobalSection
EndGlobal
